
Microsoft Visual Studio Solution File, Format Version 12.00
# Visual Studio Version 16
VisualStudioVersion = 16.0.30523.141
MinimumVisualStudioVersion = 10.0.40219.1
Project("{888888A0-9F3D-457C-B088-3A5042F75D52}") = "Gerenciamento De Agendamento", "Gerenciamento De Agendamento.pyproj", "{BED39FAD-3E61-4D3F-ACB4-C4FEC9449501}"
EndProject
Global
	GlobalSection(SolutionConfigurationPlatforms) = preSolution
		Debug|Any CPU = Debug|Any CPU
		Release|Any CPU = Release|Any CPU
	EndGlobalSection
	GlobalSection(ProjectConfigurationPlatforms) = postSolution
		{BED39FAD-3E61-4D3F-ACB4-C4FEC9449501}.Debug|Any CPU.ActiveCfg = Debug|Any CPU
		{BED39FAD-3E61-4D3F-ACB4-C4FEC9449501}.Debug|Any CPU.Build.0 = Debug|Any CPU
		{BED39FAD-3E61-4D3F-ACB4-C4FEC9449501}.Release|Any CPU.ActiveCfg = Release|Any CPU
		{BED39FAD-3E61-4D3F-ACB4-C4FEC9449501}.Release|Any CPU.Build.0 = Release|Any CPU
	EndGlobalSection
	GlobalSection(SolutionProperties) = preSolution
		HideSolutionNode = FALSE
	EndGlobalSection
	GlobalSection(ExtensibilityGlobals) = postSolution
		SolutionGuid = {2664203C-8606-4F58-BF6E-A037BA36F85F}
	EndGlobalSection
EndGlobal
